dependencies:
- name: knowledge-sensor
  repository: https://asserts.github.io/helm-charts
  version: 0.1.0
- name: victoria-metrics-single
  repository: https://asserts.github.io/helm-charts
  version: 0.8.12
- name: alertmanager
  repository: https://asserts.github.io/helm-charts
  version: 0.14.0
- name: promxy
  repository: https://asserts.github.io/helm-charts
  version: 0.6.0
- name: promxy
  repository: https://asserts.github.io/helm-charts
  version: 0.6.0
- name: common
  repository: https://charts.bitnami.com/bitnami
  version: 1.16.0
- name: redis
  repository: https://charts.bitnami.com/bitnami
  version: 16.8.7
- name: redis
  repository: https://charts.bitnami.com/bitnami
  version: 16.8.7
- name: postgresql
  repository: https://charts.bitnami.com/bitnami
  version: 11.1.23
digest: sha256:73aa64e73bcfb9ae8443a4d89538d0a7ed7adb684ab03b25bc5ab84ee8cc1832
generated: "2022-07-08T13:35:22.996466-07:00"
