dependencies:
- name: knowledge-sensor
  repository: https://asserts.github.io/helm-charts
  version: 1.1.0
- name: victoria-metrics-single
  repository: https://asserts.github.io/helm-charts
  version: 1.1.0
- name: alertmanager
  repository: https://asserts.github.io/helm-charts
  version: 1.0.0
- name: promxy
  repository: https://asserts.github.io/helm-charts
  version: 0.7.0
- name: promxy
  repository: https://asserts.github.io/helm-charts
  version: 0.7.0
- name: ebpf-probe
  repository: https://asserts.github.io/helm-charts
  version: 0.2.0
- name: common
  repository: https://charts.bitnami.com/bitnami
  version: 1.17.1
- name: redis
  repository: https://charts.bitnami.com/bitnami
  version: 16.13.2
- name: redis
  repository: https://charts.bitnami.com/bitnami
  version: 16.13.2
- name: postgresql
  repository: https://charts.bitnami.com/bitnami
  version: 11.9.13
digest: sha256:6fdf6e958b0c737439f67528fc89404adf4f6c5ace1ad28907d3734da3e48480
generated: "2023-03-03T12:03:06.977818-08:00"
