dependencies:
- name: knowledge-sensor
  repository: https://asserts.github.io/helm-charts
  version: 0.1.0
- name: victoria-metrics-single
  repository: https://asserts.github.io/helm-charts
  version: 0.8.12
- name: alertmanager
  repository: https://asserts.github.io/helm-charts
  version: 0.14.0
- name: promxy
  repository: https://asserts.github.io/helm-charts
  version: 0.6.0
- name: promxy
  repository: https://asserts.github.io/helm-charts
  version: 0.6.0
- name: common
  repository: https://charts.bitnami.com/bitnami
  version: 1.17.1
- name: redis
  repository: https://charts.bitnami.com/bitnami
  version: 16.8.7
- name: redis
  repository: https://charts.bitnami.com/bitnami
  version: 16.8.7
- name: postgresql
  repository: https://charts.bitnami.com/bitnami
  version: 11.1.23
digest: sha256:de99f0d2218c4288ac9f36ff7f3d888835a139c96b27183b50a09eb85f2181b9
generated: "2022-08-18T09:05:20.062232-07:00"
